
Microsoft Visual Studio Solution File, Format Version 12.00
# Visual Studio 15
VisualStudioVersion = 15.0.26124.0
MinimumVisualStudioVersion = 15.0.26124.0
Project("{FAE04EC0-301F-11D3-BF4B-00C04F79EFBC}") = "Domain", "Domain\Domain.csproj", "{B162ABB2-635F-4EB2-BB49-86D2BB0FBF48}"
EndProject
Project("{FAE04EC0-301F-11D3-BF4B-00C04F79EFBC}") = "Application", "Application\Application.csproj", "{708BAFEC-26DB-488C-9B80-49D4E9A53784}"
EndProject
Project("{FAE04EC0-301F-11D3-BF4B-00C04F79EFBC}") = "Persistence", "Persistence\Persistence.csproj", "{A7282651-ED12-48FC-9119-298C9506BC68}"
EndProject
Project("{FAE04EC0-301F-11D3-BF4B-00C04F79EFBC}") = "API", "API\API.csproj", "{5ECB38A5-53B7-4DBF-9E3E-6B7231DFC9F7}"
EndProject
Global
	GlobalSection(SolutionConfigurationPlatforms) = preSolution
		Debug|Any CPU = Debug|Any CPU
		Debug|x64 = Debug|x64
		Debug|x86 = Debug|x86
		Release|Any CPU = Release|Any CPU
		Release|x64 = Release|x64
		Release|x86 = Release|x86
	EndGlobalSection
	GlobalSection(SolutionProperties) = preSolution
		HideSolutionNode = FALSE
	EndGlobalSection
	GlobalSection(ProjectConfigurationPlatforms) = postSolution
		{B162ABB2-635F-4EB2-BB49-86D2BB0FBF48}.Debug|Any CPU.ActiveCfg = Debug|Any CPU
		{B162ABB2-635F-4EB2-BB49-86D2BB0FBF48}.Debug|Any CPU.Build.0 = Debug|Any CPU
		{B162ABB2-635F-4EB2-BB49-86D2BB0FBF48}.Debug|x64.ActiveCfg = Debug|Any CPU
		{B162ABB2-635F-4EB2-BB49-86D2BB0FBF48}.Debug|x64.Build.0 = Debug|Any CPU
		{B162ABB2-635F-4EB2-BB49-86D2BB0FBF48}.Debug|x86.ActiveCfg = Debug|Any CPU
		{B162ABB2-635F-4EB2-BB49-86D2BB0FBF48}.Debug|x86.Build.0 = Debug|Any CPU
		{B162ABB2-635F-4EB2-BB49-86D2BB0FBF48}.Release|Any CPU.ActiveCfg = Release|Any CPU
		{B162ABB2-635F-4EB2-BB49-86D2BB0FBF48}.Release|Any CPU.Build.0 = Release|Any CPU
		{B162ABB2-635F-4EB2-BB49-86D2BB0FBF48}.Release|x64.ActiveCfg = Release|Any CPU
		{B162ABB2-635F-4EB2-BB49-86D2BB0FBF48}.Release|x64.Build.0 = Release|Any CPU
		{B162ABB2-635F-4EB2-BB49-86D2BB0FBF48}.Release|x86.ActiveCfg = Release|Any CPU
		{B162ABB2-635F-4EB2-BB49-86D2BB0FBF48}.Release|x86.Build.0 = Release|Any CPU
		{708BAFEC-26DB-488C-9B80-49D4E9A53784}.Debug|Any CPU.ActiveCfg = Debug|Any CPU
		{708BAFEC-26DB-488C-9B80-49D4E9A53784}.Debug|Any CPU.Build.0 = Debug|Any CPU
		{708BAFEC-26DB-488C-9B80-49D4E9A53784}.Debug|x64.ActiveCfg = Debug|Any CPU
		{708BAFEC-26DB-488C-9B80-49D4E9A53784}.Debug|x64.Build.0 = Debug|Any CPU
		{708BAFEC-26DB-488C-9B80-49D4E9A53784}.Debug|x86.ActiveCfg = Debug|Any CPU
		{708BAFEC-26DB-488C-9B80-49D4E9A53784}.Debug|x86.Build.0 = Debug|Any CPU
		{708BAFEC-26DB-488C-9B80-49D4E9A53784}.Release|Any CPU.ActiveCfg = Release|Any CPU
		{708BAFEC-26DB-488C-9B80-49D4E9A53784}.Release|Any CPU.Build.0 = Release|Any CPU
		{708BAFEC-26DB-488C-9B80-49D4E9A53784}.Release|x64.ActiveCfg = Release|Any CPU
		{708BAFEC-26DB-488C-9B80-49D4E9A53784}.Release|x64.Build.0 = Release|Any CPU
		{708BAFEC-26DB-488C-9B80-49D4E9A53784}.Release|x86.ActiveCfg = Release|Any CPU
		{708BAFEC-26DB-488C-9B80-49D4E9A53784}.Release|x86.Build.0 = Release|Any CPU
		{A7282651-ED12-48FC-9119-298C9506BC68}.Debug|Any CPU.ActiveCfg = Debug|Any CPU
		{A7282651-ED12-48FC-9119-298C9506BC68}.Debug|Any CPU.Build.0 = Debug|Any CPU
		{A7282651-ED12-48FC-9119-298C9506BC68}.Debug|x64.ActiveCfg = Debug|Any CPU
		{A7282651-ED12-48FC-9119-298C9506BC68}.Debug|x64.Build.0 = Debug|Any CPU
		{A7282651-ED12-48FC-9119-298C9506BC68}.Debug|x86.ActiveCfg = Debug|Any CPU
		{A7282651-ED12-48FC-9119-298C9506BC68}.Debug|x86.Build.0 = Debug|Any CPU
		{A7282651-ED12-48FC-9119-298C9506BC68}.Release|Any CPU.ActiveCfg = Release|Any CPU
		{A7282651-ED12-48FC-9119-298C9506BC68}.Release|Any CPU.Build.0 = Release|Any CPU
		{A7282651-ED12-48FC-9119-298C9506BC68}.Release|x64.ActiveCfg = Release|Any CPU
		{A7282651-ED12-48FC-9119-298C9506BC68}.Release|x64.Build.0 = Release|Any CPU
		{A7282651-ED12-48FC-9119-298C9506BC68}.Release|x86.ActiveCfg = Release|Any CPU
		{A7282651-ED12-48FC-9119-298C9506BC68}.Release|x86.Build.0 = Release|Any CPU
		{5ECB38A5-53B7-4DBF-9E3E-6B7231DFC9F7}.Debug|Any CPU.ActiveCfg = Debug|Any CPU
		{5ECB38A5-53B7-4DBF-9E3E-6B7231DFC9F7}.Debug|Any CPU.Build.0 = Debug|Any CPU
		{5ECB38A5-53B7-4DBF-9E3E-6B7231DFC9F7}.Debug|x64.ActiveCfg = Debug|Any CPU
		{5ECB38A5-53B7-4DBF-9E3E-6B7231DFC9F7}.Debug|x64.Build.0 = Debug|Any CPU
		{5ECB38A5-53B7-4DBF-9E3E-6B7231DFC9F7}.Debug|x86.ActiveCfg = Debug|Any CPU
		{5ECB38A5-53B7-4DBF-9E3E-6B7231DFC9F7}.Debug|x86.Build.0 = Debug|Any CPU
		{5ECB38A5-53B7-4DBF-9E3E-6B7231DFC9F7}.Release|Any CPU.ActiveCfg = Release|Any CPU
		{5ECB38A5-53B7-4DBF-9E3E-6B7231DFC9F7}.Release|Any CPU.Build.0 = Release|Any CPU
		{5ECB38A5-53B7-4DBF-9E3E-6B7231DFC9F7}.Release|x64.ActiveCfg = Release|Any CPU
		{5ECB38A5-53B7-4DBF-9E3E-6B7231DFC9F7}.Release|x64.Build.0 = Release|Any CPU
		{5ECB38A5-53B7-4DBF-9E3E-6B7231DFC9F7}.Release|x86.ActiveCfg = Release|Any CPU
		{5ECB38A5-53B7-4DBF-9E3E-6B7231DFC9F7}.Release|x86.Build.0 = Release|Any CPU
	EndGlobalSection
EndGlobal
